
Microsoft Visual Studio Solution File, Format Version 12.00
# Visual Studio Version 16
VisualStudioVersion = 16.0.30011.22
MinimumVisualStudioVersion = 10.0.40219.1
Project("{FAE04EC0-301F-11D3-BF4B-00C04F79EFBC}") = "MessagingService", "MessagingService\MessagingService.csproj", "{EC0E6D5D-DB61-4B37-AEC2-B27703249EEE}"
EndProject
Project("{FAE04EC0-301F-11D3-BF4B-00C04F79EFBC}") = "MessagingService.Business", "MessagingService.Business\MessagingService.Business.csproj", "{CAFD2F12-E13A-4044-A8D5-236287ECB325}"
EndProject
Project("{FAE04EC0-301F-11D3-BF4B-00C04F79EFBC}") = "MessagingService.DataAccess", "MessagingService.DataAccess\MessagingService.DataAccess.csproj", "{45DA69E2-A7BE-4604-89E8-63EA6B5C9E92}"
EndProject
Project("{FAE04EC0-301F-11D3-BF4B-00C04F79EFBC}") = "MessagingService.Entities", "MessagingService.Entities\MessagingService.Entities.csproj", "{EC428964-CAF9-4348-946A-AE8B1501D607}"
EndProject
Global
	GlobalSection(SolutionConfigurationPlatforms) = preSolution
		Debug|Any CPU = Debug|Any CPU
		Release|Any CPU = Release|Any CPU
	EndGlobalSection
	GlobalSection(ProjectConfigurationPlatforms) = postSolution
		{EC0E6D5D-DB61-4B37-AEC2-B27703249EEE}.Debug|Any CPU.ActiveCfg = Debug|Any CPU
		{EC0E6D5D-DB61-4B37-AEC2-B27703249EEE}.Debug|Any CPU.Build.0 = Debug|Any CPU
		{EC0E6D5D-DB61-4B37-AEC2-B27703249EEE}.Release|Any CPU.ActiveCfg = Release|Any CPU
		{EC0E6D5D-DB61-4B37-AEC2-B27703249EEE}.Release|Any CPU.Build.0 = Release|Any CPU
		{CAFD2F12-E13A-4044-A8D5-236287ECB325}.Debug|Any CPU.ActiveCfg = Debug|Any CPU
		{CAFD2F12-E13A-4044-A8D5-236287ECB325}.Debug|Any CPU.Build.0 = Debug|Any CPU
		{CAFD2F12-E13A-4044-A8D5-236287ECB325}.Release|Any CPU.ActiveCfg = Release|Any CPU
		{CAFD2F12-E13A-4044-A8D5-236287ECB325}.Release|Any CPU.Build.0 = Release|Any CPU
		{45DA69E2-A7BE-4604-89E8-63EA6B5C9E92}.Debug|Any CPU.ActiveCfg = Debug|Any CPU
		{45DA69E2-A7BE-4604-89E8-63EA6B5C9E92}.Debug|Any CPU.Build.0 = Debug|Any CPU
		{45DA69E2-A7BE-4604-89E8-63EA6B5C9E92}.Release|Any CPU.ActiveCfg = Release|Any CPU
		{45DA69E2-A7BE-4604-89E8-63EA6B5C9E92}.Release|Any CPU.Build.0 = Release|Any CPU
		{EC428964-CAF9-4348-946A-AE8B1501D607}.Debug|Any CPU.ActiveCfg = Debug|Any CPU
		{EC428964-CAF9-4348-946A-AE8B1501D607}.Debug|Any CPU.Build.0 = Debug|Any CPU
		{EC428964-CAF9-4348-946A-AE8B1501D607}.Release|Any CPU.ActiveCfg = Release|Any CPU
		{EC428964-CAF9-4348-946A-AE8B1501D607}.Release|Any CPU.Build.0 = Release|Any CPU
	EndGlobalSection
	GlobalSection(SolutionProperties) = preSolution
		HideSolutionNode = FALSE
	EndGlobalSection
	GlobalSection(ExtensibilityGlobals) = postSolution
		SolutionGuid = {5CC9EE03-2831-41C6-AAB5-59FBC989316C}
	EndGlobalSection
EndGlobal
